
Microsoft Visual Studio Solution File, Format Version 12.00
# Visual Studio Version 17
VisualStudioVersion = 17.4.33122.133
MinimumVisualStudioVersion = 10.0.40219.1
Project("{FAE04EC0-301F-11D3-BF4B-00C04F79EFBC}") = "PrimeNumberProject", "PrimeNumberProject.csproj", "{2C0D9F9C-3651-43D5-B950-93FDE601A270}"
EndProject
Global
	GlobalSection(SolutionConfigurationPlatforms) = preSolution
		Debug|Any CPU = Debug|Any CPU
		Release|Any CPU = Release|Any CPU
	EndGlobalSection
	GlobalSection(ProjectConfigurationPlatforms) = postSolution
		{2C0D9F9C-3651-43D5-B950-93FDE601A270}.Debug|Any CPU.ActiveCfg = Debug|Any CPU
		{2C0D9F9C-3651-43D5-B950-93FDE601A270}.Debug|Any CPU.Build.0 = Debug|Any CPU
		{2C0D9F9C-3651-43D5-B950-93FDE601A270}.Release|Any CPU.ActiveCfg = Release|Any CPU
		{2C0D9F9C-3651-43D5-B950-93FDE601A270}.Release|Any CPU.Build.0 = Release|Any CPU
	EndGlobalSection
	GlobalSection(SolutionProperties) = preSolution
		HideSolutionNode = FALSE
	EndGlobalSection
	GlobalSection(ExtensibilityGlobals) = postSolution
		SolutionGuid = {E115329A-F941-465C-A78B-56B675BAC897}
	EndGlobalSection
EndGlobal
